
Microsoft Visual Studio Solution File, Format Version 12.00
# Visual Studio Version 16
VisualStudioVersion = 16.0.31205.134
MinimumVisualStudioVersion = 10.0.40219.1
Project("{FAE04EC0-301F-11D3-BF4B-00C04F79EFBC}") = "Ders5 Csharp", "Ders5 Csharp\Ders5 Csharp.csproj", "{3DCEE723-9D1B-402D-A0FF-BA3CBDE2B71C}"
EndProject
Global
	GlobalSection(SolutionConfigurationPlatforms) = preSolution
		Debug|Any CPU = Debug|Any CPU
		Release|Any CPU = Release|Any CPU
	EndGlobalSection
	GlobalSection(ProjectConfigurationPlatforms) = postSolution
		{3DCEE723-9D1B-402D-A0FF-BA3CBDE2B71C}.Debug|Any CPU.ActiveCfg = Debug|Any CPU
		{3DCEE723-9D1B-402D-A0FF-BA3CBDE2B71C}.Debug|Any CPU.Build.0 = Debug|Any CPU
		{3DCEE723-9D1B-402D-A0FF-BA3CBDE2B71C}.Release|Any CPU.ActiveCfg = Release|Any CPU
		{3DCEE723-9D1B-402D-A0FF-BA3CBDE2B71C}.Release|Any CPU.Build.0 = Release|Any CPU
	EndGlobalSection
	GlobalSection(SolutionProperties) = preSolution
		HideSolutionNode = FALSE
	EndGlobalSection
	GlobalSection(ExtensibilityGlobals) = postSolution
		SolutionGuid = {D4EF739F-B9E6-41D0-A1AD-1C98EC4E2DEC}
	EndGlobalSection
EndGlobal
